{
  "requires": true,
  "lockfileVersion": 1,
  "dependencies": {
    "koo-widgets": {
      "version": "0.0.2",
      "resolved": "https://registry.npmjs.org/koo-widgets/-/koo-widgets-0.0.2.tgz",
      "integrity": "sha512-l/WVPty0J8swpxNw0pVe1VrVxK8fpj5jLUor3IV5wHb0d6Ey0kxx5rAtAjmsDOi1Sn1Und53sg0zRn0WcABs3A=="
    }
  }
}
